
Microsoft Visual Studio Solution File, Format Version 12.00
# Visual Studio Version 17
VisualStudioVersion = 17.9.34701.34
MinimumVisualStudioVersion = 10.0.40219.1
Project("{9A19103F-16F7-4668-BE54-9A1E7A4F7556}") = "E_Learning", "E_Learning.csproj", "{85FB02EC-8AA2-4F19-A029-DDF89584A329}"
EndProject
Project("{FAE04EC0-301F-11D3-BF4B-00C04F79EFBC}") = "E-LearningFront", "..\E-LearningFront\E-LearningFront.csproj", "{9A174B4E-0DC8-4FBF-B4D1-DE3F057F1670}"
EndProject
Global
	GlobalSection(SolutionConfigurationPlatforms) = preSolution
		Debug|Any CPU = Debug|Any CPU
		Release|Any CPU = Release|Any CPU
	EndGlobalSection
	GlobalSection(ProjectConfigurationPlatforms) = postSolution
		{85FB02EC-8AA2-4F19-A029-DDF89584A329}.Debug|Any CPU.ActiveCfg = Debug|Any CPU
		{85FB02EC-8AA2-4F19-A029-DDF89584A329}.Debug|Any CPU.Build.0 = Debug|Any CPU
		{85FB02EC-8AA2-4F19-A029-DDF89584A329}.Release|Any CPU.ActiveCfg = Release|Any CPU
		{85FB02EC-8AA2-4F19-A029-DDF89584A329}.Release|Any CPU.Build.0 = Release|Any CPU
		{9A174B4E-0DC8-4FBF-B4D1-DE3F057F1670}.Debug|Any CPU.ActiveCfg = Debug|Any CPU
		{9A174B4E-0DC8-4FBF-B4D1-DE3F057F1670}.Debug|Any CPU.Build.0 = Debug|Any CPU
		{9A174B4E-0DC8-4FBF-B4D1-DE3F057F1670}.Release|Any CPU.ActiveCfg = Release|Any CPU
		{9A174B4E-0DC8-4FBF-B4D1-DE3F057F1670}.Release|Any CPU.Build.0 = Release|Any CPU
	EndGlobalSection
	GlobalSection(SolutionProperties) = preSolution
		HideSolutionNode = FALSE
	EndGlobalSection
	GlobalSection(ExtensibilityGlobals) = postSolution
		SolutionGuid = {A8A506B8-E4A3-4573-8B58-34C7C08A8107}
	EndGlobalSection
EndGlobal
